// !$*UTF8*$!
{
	archiveVersion = 1;
	classes = {
	};
	objectVersion = 48;
	objects = {

/* Begin PBXBuildFile section */
		DBC0004D201B178E00393748 /* AppDelegate.swift in Sources */ = {isa = PBXBuildFile; fileRef = DBC0004C201B178E00393748 /* AppDelegate.swift */; };
		DBC0004F201B178E00393748 /* ViewController.swift in Sources */ = {isa = PBXBuildFile; fileRef = DBC0004E201B178E00393748 /* ViewController.swift */; };
		DBC00052201B178E00393748 /* Main.storyboard in Resources */ = {isa = PBXBuildFile; fileRef = DBC00050201B178E00393748 /* Main.storyboard */; };
		DBC00054201B178E00393748 /* Assets.xcassets in Resources */ = {isa = PBXBuildFile; fileRef = DBC00053201B178E00393748 /* Assets.xcassets */; };
		DBC00057201B178E00393748 /* LaunchScreen.storyboard in Resources */ = {isa = PBXBuildFile; fileRef = DBC00055201B178E00393748 /* LaunchScreen.storyboard */; };
		DBC00062201B178E00393748 /* RegistrationFormTests.swift in Sources */ = {isa = PBXBuildFile; fileRef = DBC00061201B178E00393748 /* RegistrationFormTests.swift */; };
/* End PBXBuildFile section */

/* Begin PBXContainerItemProxy section */
		DBC0005E201B178E00393748 /* PBXContainerItemProxy */ = {
			isa = PBXContainerItemProxy;
			containerPortal = DBC00041201B178E00393748 /* Project object */;
			proxyType = 1;
			remoteGlobalIDString = DBC00048201B178E00393748;
			remoteInfo = RegistrationForm;
		};
/* End PBXContainerItemProxy section */

/* Begin PBXFileReference section */
		DBC00049201B178E00393748 /* RegistrationForm.app */ = {isa = PBXFileReference; explicitFileType = wrapper.application; includeInIndex = 0; path = RegistrationForm.app; sourceTree = BUILT_PRODUCTS_DIR; };
		DBC0004C201B178E00393748 /* AppDelegate.swift */ = {isa = PBXFileReference; lastKnownFileType = sourcecode.swift; path = AppDelegate.swift; sourceTree = "<group>"; };
		DBC0004E201B178E00393748 /* ViewController.swift */ = {isa = PBXFileReference; lastKnownFileType = sourcecode.swift; path = ViewController.swift; sourceTree = "<group>"; };
		DBC00051201B178E00393748 /* Base */ = {isa = PBXFileReference; lastKnownFileType = file.storyboard; name = Base; path = Base.lproj/Main.storyboard; sourceTree = "<group>"; };
		DBC00053201B178E00393748 /* Assets.xcassets */ = {isa = PBXFileReference; lastKnownFileType = folder.assetcatalog; path = Assets.xcassets; sourceTree = "<group>"; };
		DBC00056201B178E00393748 /* Base */ = {isa = PBXFileReference; lastKnownFileType = file.storyboard; name = Base; path = Base.lproj/LaunchScreen.storyboard; sourceTree = "<group>"; };
		DBC00058201B178E00393748 /* Info.plist */ = {isa = PBXFileReference; lastKnownFileType = text.plist.xml; path = Info.plist; sourceTree = "<group>"; };
		DBC0005D201B178E00393748 /* RegistrationFormTests.xctest */ = {isa = PBXFileReference; explicitFileType = wrapper.cfbundle; includeInIndex = 0; path = RegistrationFormTests.xctest; sourceTree = BUILT_PRODUCTS_DIR; };
		DBC00061201B178E00393748 /* RegistrationFormTests.swift */ = {isa = PBXFileReference; lastKnownFileType = sourcecode.swift; path = RegistrationFormTests.swift; sourceTree = "<group>"; };
		DBC00063201B178E00393748 /* Info.plist */ = {isa = PBXFileReference; lastKnownFileType = text.plist.xml; path = Info.plist; sourceTree = "<group>"; };
/* End PBXFileReference section */

/* Begin PBXFrameworksBuildPhase section */
		DBC00046201B178E00393748 /* Frameworks */ = {
			isa = PBXFrameworksBuildPhase;
			buildActionMask = 2147483647;
			files = (
			);
			runOnlyForDeploymentPostprocessing = 0;
		};
		DBC0005A201B178E00393748 /* Frameworks */ = {
			isa = PBXFrameworksBuildPhase;
			buildActionMask = 2147483647;
			files = (
			);
			runOnlyForDeploymentPostprocessing = 0;
		};
/* End PBXFrameworksBuildPhase section */

/* Begin PBXGroup section */
		DBC00040201B178E00393748 = {
			isa = PBXGroup;
			children = (
				DBC0004B201B178E00393748 /* RegistrationForm */,
				DBC00060201B178E00393748 /* RegistrationFormTests */,
				DBC0004A201B178E00393748 /* Products */,
			);
			sourceTree = "<group>";
		};
		DBC0004A201B178E00393748 /* Products */ = {
			isa = PBXGroup;
			children = (
				DBC00049201B178E00393748 /* RegistrationForm.app */,
				DBC0005D201B178E00393748 /* RegistrationFormTests.xctest */,
			);
			name = Products;
			sourceTree = "<group>";
		};
		DBC0004B201B178E00393748 /* RegistrationForm */ = {
			isa = PBXGroup;
			children = (
				DBC0004C201B178E00393748 /* AppDelegate.swift */,
				DBC0004E201B178E00393748 /* ViewController.swift */,
				DBC00050201B178E00393748 /* Main.storyboard */,
				DBC00053201B178E00393748 /* Assets.xcassets */,
				DBC00055201B178E00393748 /* LaunchScreen.storyboard */,
				DBC00058201B178E00393748 /* Info.plist */,
			);
			path = RegistrationForm;
			sourceTree = "<group>";
		};
		DBC00060201B178E00393748 /* RegistrationFormTests */ = {
			isa = PBXGroup;
			children = (
				DBC00061201B178E00393748 /* RegistrationFormTests.swift */,
				DBC00063201B178E00393748 /* Info.plist */,
			);
			path = RegistrationFormTests;
			sourceTree = "<group>";
		};
/* End PBXGroup section */

/* Begin PBXNativeTarget section */
		DBC00048201B178E00393748 /* RegistrationForm */ = {
			isa = PBXNativeTarget;
			buildConfigurationList = DBC00066201B178E00393748 /* Build configuration list for PBXNativeTarget "RegistrationForm" */;
			buildPhases = (
				DBC00045201B178E00393748 /* Sources */,
				DBC00046201B178E00393748 /* Frameworks */,
				DBC00047201B178E00393748 /* Resources */,
			);
			buildRules = (
			);
			dependencies = (
			);
			name = RegistrationForm;
			productName = RegistrationForm;
			productReference = DBC00049201B178E00393748 /* RegistrationForm.app */;
			productType = "com.apple.product-type.application";
		};
		DBC0005C201B178E00393748 /* RegistrationFormTests */ = {
			isa = PBXNativeTarget;
			buildConfigurationList = DBC00069201B178E00393748 /* Build configuration list for PBXNativeTarget "RegistrationFormTests" */;
			buildPhases = (
				DBC00059201B178E00393748 /* Sources */,
				DBC0005A201B178E00393748 /* Frameworks */,
				DBC0005B201B178E00393748 /* Resources */,
			);
			buildRules = (
			);
			dependencies = (
				DBC0005F201B178E00393748 /* PBXTargetDependency */,
			);
			name = RegistrationFormTests;
			productName = RegistrationFormTests;
			productReference = DBC0005D201B178E00393748 /* RegistrationFormTests.xctest */;
			productType = "com.apple.product-type.bundle.unit-test";
		};
/* End PBXNativeTarget section */

/* Begin PBXProject section */
		DBC00041201B178E00393748 /* Project object */ = {
			isa = PBXProject;
			attributes = {
				LastSwiftUpdateCheck = 0920;
				LastUpgradeCheck = 0920;
				ORGANIZATIONNAME = "Biokod Lab";
				TargetAttributes = {
					DBC00048201B178E00393748 = {
						CreatedOnToolsVersion = 9.2;
						ProvisioningStyle = Automatic;
					};
					DBC0005C201B178E00393748 = {
						CreatedOnToolsVersion = 9.2;
						ProvisioningStyle = Automatic;
						TestTargetID = DBC00048201B178E00393748;
					};
				};
			};
			buildConfigurationList = DBC00044201B178E00393748 /* Build configuration list for PBXProject "RegistrationForm" */;
			compatibilityVersion = "Xcode 8.0";
			developmentRegion = en;
			hasScannedForEncodings = 0;
			knownRegions = (
				en,
				Base,
			);
			mainGroup = DBC00040201B178E00393748;
			productRefGroup = DBC0004A201B178E00393748 /* Products */;
			projectDirPath = "";
			projectRoot = "";
			targets = (
				DBC00048201B178E00393748 /* RegistrationForm */,
				DBC0005C201B178E00393748 /* RegistrationFormTests */,
			);
		};
/* End PBXProject section */

/* Begin PBXResourcesBuildPhase section */
		DBC00047201B178E00393748 /* Resources */ = {
			isa = PBXResourcesBuildPhase;
			buildActionMask = 2147483647;
			files = (
				DBC00057201B178E00393748 /* LaunchScreen.storyboard in Resources */,
				DBC00054201B178E00393748 /* Assets.xcassets in Resources */,
				DBC00052201B178E00393748 /* Main.storyboard in Resources */,
			);
			runOnlyForDeploymentPostprocessing = 0;
		};
		DBC0005B201B178E00393748 /* Resources */ = {
			isa = PBXResourcesBuildPhase;
			buildActionMask = 2147483647;
			files = (
			);
			runOnlyForDeploymentPostprocessing = 0;
		};
/* End PBXResourcesBuildPhase section */

/* Begin PBXSourcesBuildPhase section */
		DBC00045201B178E00393748 /* Sources */ = {
			isa = PBXSourcesBuildPhase;
			buildActionMask = 2147483647;
			files = (
				DBC0004F201B178E00393748 /* ViewController.swift in Sources */,
				DBC0004D201B178E00393748 /* AppDelegate.swift in Sources */,
			);
			runOnlyForDeploymentPostprocessing = 0;
		};
		DBC00059201B178E00393748 /* Sources */ = {
			isa = PBXSourcesBuildPhase;
			buildActionMask = 2147483647;
			files = (
				DBC00062201B178E00393748 /* RegistrationFormTests.swift in Sources */,
			);
			runOnlyForDeploymentPostprocessing = 0;
		};
/* End PBXSourcesBuildPhase section */

/* Begin PBXTargetDependency section */
		DBC0005F201B178E00393748 /* PBXTargetDependency */ = {
			isa = PBXTargetDependency;
			target = DBC00048201B178E00393748 /* RegistrationForm */;
			targetProxy = DBC0005E201B178E00393748 /* PBXContainerItemProxy */;
		};
/* End PBXTargetDependency section */

/* Begin PBXVariantGroup section */
		DBC00050201B178E00393748 /* Main.storyboard */ = {
			isa = PBXVariantGroup;
			children = (
				DBC00051201B178E00393748 /* Base */,
			);
			name = Main.storyboard;
			sourceTree = "<group>";
		};
		DBC00055201B178E00393748 /* LaunchScreen.storyboard */ = {
			isa = PBXVariantGroup;
			children = (
				DBC00056201B178E00393748 /* Base */,
			);
			name = LaunchScreen.storyboard;
			sourceTree = "<group>";
		};
/* End PBXVariantGroup section */

/* Begin XCBuildConfiguration section */
		DBC00064201B178E00393748 /* Debug */ = {
			isa = XCBuildConfiguration;
			buildSettings = {
				ALWAYS_SEARCH_USER_PATHS = NO;
				CLANG_ANALYZER_NONNULL = YES;
				CLANG_ANALYZER_NUMBER_OBJECT_CONVERSION = YES_AGGRESSIVE;
				CLANG_CXX_LANGUAGE_STANDARD = "gnu++14";
				CLANG_CXX_LIBRARY = "libc++";
				CLANG_ENABLE_MODULES = YES;
				CLANG_ENABLE_OBJC_ARC = YES;
				CLANG_WARN_BLOCK_CAPTURE_AUTORELEASING = YES;
				CLANG_WARN_BOOL_CONVERSION = YES;
				CLANG_WARN_COMMA = YES;
				CLANG_WARN_CONSTANT_CONVERSION = YES;
				CLANG_WARN_DIRECT_OBJC_ISA_USAGE = YES_ERROR;
				CLANG_WARN_DOCUMENTATION_COMMENTS = YES;
				CLANG_WARN_EMPTY_BODY = YES;
				CLANG_WARN_ENUM_CONVERSION = YES;
				CLANG_WARN_INFINITE_RECURSION = YES;
				CLANG_WARN_INT_CONVERSION = YES;
				CLANG_WARN_NON_LITERAL_NULL_CONVERSION = YES;
				CLANG_WARN_OBJC_LITERAL_CONVERSION = YES;
				CLANG_WARN_OBJC_ROOT_CLASS = YES_ERROR;
				CLANG_WARN_RANGE_LOOP_ANALYSIS = YES;
				CLANG_WARN_STRICT_PROTOTYPES = YES;
				CLANG_WARN_SUSPICIOUS_MOVE = YES;
				CLANG_WARN_UNGUARDED_AVAILABILITY = YES_AGGRESSIVE;
				CLANG_WARN_UNREACHABLE_CODE = YES;
				CLANG_WARN__DUPLICATE_METHOD_MATCH = YES;
				CODE_SIGN_IDENTITY = "iPhone Developer";
				COPY_PHASE_STRIP = NO;
				DEBUG_INFORMATION_FORMAT = dwarf;
				ENABLE_STRICT_OBJC_MSGSEND = YES;
				ENABLE_TESTABILITY = YES;
				GCC_C_LANGUAGE_STANDARD = gnu11;
				GCC_DYNAMIC_NO_PIC = NO;
				GCC_NO_COMMON_BLOCKS = YES;
				GCC_OPTIMIZATION_LEVEL = 0;
				GCC_PREPROCESSOR_DEFINITIONS = (
					"DEBUG=1",
					"$(inherited)",
				);
				GCC_WARN_64_TO_32_BIT_CONVERSION = YES;
				GCC_WARN_ABOUT_RETURN_TYPE = YES_ERROR;
				GCC_WARN_UNDECLARED_SELECTOR = YES;
				GCC_WARN_UNINITIALIZED_AUTOS = YES_AGGRESSIVE;
				GCC_WARN_UNUSED_FUNCTION = YES;
				GCC_WARN_UNUSED_VARIABLE = YES;
				IPHONEOS_DEPLOYMENT_TARGET = 11.2;
				MTL_ENABLE_DEBUG_INFO = YES;
				ONLY_ACTIVE_ARCH = YES;
				SDKROOT = iphoneos;
				SWIFT_ACTIVE_COMPILATION_CONDITIONS = DEBUG;
				SWIFT_OPTIMIZATION_LEVEL = "-Onone";
			};
			name = Debug;
		};
		DBC00065201B178E00393748 /* Release */ = {
			isa = XCBuildConfiguration;
			buildSettings = {
				ALWAYS_SEARCH_USER_PATHS = NO;
				CLANG_ANALYZER_NONNULL = YES;
				CLANG_ANALYZER_NUMBER_OBJECT_CONVERSION = YES_AGGRESSIVE;
				CLANG_CXX_LANGUAGE_STANDARD = "gnu++14";
				CLANG_CXX_LIBRARY = "libc++";
				CLANG_ENABLE_MODULES = YES;
				CLANG_ENABLE_OBJC_ARC = YES;
				CLANG_WARN_BLOCK_CAPTURE_AUTORELEASING = YES;
				CLANG_WARN_BOOL_CONVERSION = YES;
				CLANG_WARN_COMMA = YES;
				CLANG_WARN_CONSTANT_CONVERSION = YES;
				CLANG_WARN_DIRECT_OBJC_ISA_USAGE = YES_ERROR;
				CLANG_WARN_DOCUMENTATION_COMMENTS = YES;
				CLANG_WARN_EMPTY_BODY = YES;
				CLANG_WARN_ENUM_CONVERSION = YES;
				CLANG_WARN_INFINITE_RECURSION = YES;
				CLANG_WARN_INT_CONVERSION = YES;
				CLANG_WARN_NON_LITERAL_NULL_CONVERSION = YES;
				CLANG_WARN_OBJC_LITERAL_CONVERSION = YES;
				CLANG_WARN_OBJC_ROOT_CLASS = YES_ERROR;
				CLANG_WARN_RANGE_LOOP_ANALYSIS = YES;
				CLANG_WARN_STRICT_PROTOTYPES = YES;
				CLANG_WARN_SUSPICIOUS_MOVE = YES;
				CLANG_WARN_UNGUARDED_AVAILABILITY = YES_AGGRESSIVE;
				CLANG_WARN_UNREACHABLE_CODE = YES;
				CLANG_WARN__DUPLICATE_METHOD_MATCH = YES;
				CODE_SIGN_IDENTITY = "iPhone Developer";
				COPY_PHASE_STRIP = NO;
				DEBUG_INFORMATION_FORMAT = "dwarf-with-dsym";
				ENABLE_NS_ASSERTIONS = NO;
				ENABLE_STRICT_OBJC_MSGSEND = YES;
				GCC_C_LANGUAGE_STANDARD = gnu11;
				GCC_NO_COMMON_BLOCKS = YES;
				GCC_WARN_64_TO_32_BIT_CONVERSION = YES;
				GCC_WARN_ABOUT_RETURN_TYPE = YES_ERROR;
				GCC_WARN_UNDECLARED_SELECTOR = YES;
				GCC_WARN_UNINITIALIZED_AUTOS = YES_AGGRESSIVE;
				GCC_WARN_UNUSED_FUNCTION = YES;
				GCC_WARN_UNUSED_VARIABLE = YES;
				IPHONEOS_DEPLOYMENT_TARGET = 11.2;
				MTL_ENABLE_DEBUG_INFO = NO;
				SDKROOT = iphoneos;
				SWIFT_OPTIMIZATION_LEVEL = "-Owholemodule";
				VALIDATE_PRODUCT = YES;
			};
			name = Release;
		};
		DBC00067201B178E00393748 /* Debug */ = {
			isa = XCBuildConfiguration;
			buildSettings = {
				ASSETCATALOG_COMPILER_APPICON_NAME = AppIcon;
				CODE_SIGN_STYLE = Automatic;
				INFOPLIST_FILE = RegistrationForm/Info.plist;
				LD_RUNPATH_SEARCH_PATHS = "$(inherited) @executable_path/Frameworks";
				PRODUCT_BUNDLE_IDENTIFIER = com.example.RegistrationForm;
				PRODUCT_NAME = "$(TARGET_NAME)";
				SWIFT_VERSION = 4.0;
				TARGETED_DEVICE_FAMILY = "1,2";
			};
			name = Debug;
		};
		DBC00068201B178E00393748 /* Release */ = {
			isa = XCBuildConfiguration;
			buildSettings = {
				ASSETCATALOG_COMPILER_APPICON_NAME = AppIcon;
				CODE_SIGN_STYLE = Automatic;
				INFOPLIST_FILE = RegistrationForm/Info.plist;
				LD_RUNPATH_SEARCH_PATHS = "$(inherited) @executable_path/Frameworks";
				PRODUCT_BUNDLE_IDENTIFIER = com.example.RegistrationForm;
				PRODUCT_NAME = "$(TARGET_NAME)";
				SWIFT_VERSION = 4.0;
				TARGETED_DEVICE_FAMILY = "1,2";
			};
			name = Release;
		};
		DBC0006A201B178E00393748 /* Debug */ = {
			isa = XCBuildConfiguration;
			buildSettings = {
				ALWAYS_EMBED_SWIFT_STANDARD_LIBRARIES = YES;
				BUNDLE_LOADER = "$(TEST_HOST)";
				CODE_SIGN_STYLE = Automatic;
				INFOPLIST_FILE = RegistrationFormTests/Info.plist;
				LD_RUNPATH_SEARCH_PATHS = "$(inherited) @executable_path/Frameworks @loader_path/Frameworks";
				PRODUCT_BUNDLE_IDENTIFIER = com.example.RegistrationFormTests;
				PRODUCT_NAME = "$(TARGET_NAME)";
				SWIFT_VERSION = 4.0;
				TARGETED_DEVICE_FAMILY = "1,2";
				TEST_HOST = "$(BUILT_PRODUCTS_DIR)/RegistrationForm.app/RegistrationForm";
			};
			name = Debug;
		};
		DBC0006B201B178E00393748 /* Release */ = {
			isa = XCBuildConfiguration;
			buildSettings = {
				ALWAYS_EMBED_SWIFT_STANDARD_LIBRARIES = YES;
				BUNDLE_LOADER = "$(TEST_HOST)";
				CODE_SIGN_STYLE = Automatic;
				INFOPLIST_FILE = RegistrationFormTests/Info.plist;
				LD_RUNPATH_SEARCH_PATHS = "$(inherited) @executable_path/Frameworks @loader_path/Frameworks";
				PRODUCT_BUNDLE_IDENTIFIER = com.example.RegistrationFormTests;
				PRODUCT_NAME = "$(TARGET_NAME)";
				SWIFT_VERSION = 4.0;
				TARGETED_DEVICE_FAMILY = "1,2";
				TEST_HOST = "$(BUILT_PRODUCTS_DIR)/RegistrationForm.app/RegistrationForm";
			};
			name = Release;
		};
/* End XCBuildConfiguration section */

/* Begin XCConfigurationList section */
		DBC00044201B178E00393748 /* Build configuration list for PBXProject "RegistrationForm" */ = {
			isa = XCConfigurationList;
			buildConfigurations = (
				DBC00064201B178E00393748 /* Debug */,
				DBC00065201B178E00393748 /* Release */,
			);
			defaultConfigurationIsVisible = 0;
			defaultConfigurationName = Release;
		};
		DBC00066201B178E00393748 /* Build configuration list for PBXNativeTarget "RegistrationForm" */ = {
			isa = XCConfigurationList;
			buildConfigurations = (
				DBC00067201B178E00393748 /* Debug */,
				DBC00068201B178E00393748 /* Release */,
			);
			defaultConfigurationIsVisible = 0;
			defaultConfigurationName = Release;
		};
		DBC00069201B178E00393748 /* Build configuration list for PBXNativeTarget "RegistrationFormTests" */ = {
			isa = XCConfigurationList;
			buildConfigurations = (
				DBC0006A201B178E00393748 /* Debug */,
				DBC0006B201B178E00393748 /* Release */,
			);
			defaultConfigurationIsVisible = 0;
			defaultConfigurationName = Release;
		};
/* End XCConfigurationList section */
	};
	rootObject = DBC00041201B178E00393748 /* Project object */;
}
